
Microsoft Visual Studio Solution File, Format Version 12.00
# Visual Studio Version 16
VisualStudioVersion = 16.0.31205.134
MinimumVisualStudioVersion = 10.0.40219.1
Project("{2150E333-8FDC-42A3-9474-1A3956D46DE8}") = "Front-End", "Front-End", "{2F3AABA6-04B7-4FAF-A754-B55D9893A320}"
EndProject
Project("{2150E333-8FDC-42A3-9474-1A3956D46DE8}") = "Back-End", "Back-End", "{5CABC2C5-D0F1-4CD8-87B0-FD3613286544}"
EndProject
Project("{FAE04EC0-301F-11D3-BF4B-00C04F79EFBC}") = "SadikRestaurant.Entities", "SadikRestaurant.Entities\SadikRestaurant.Entities.csproj", "{A6203E49-1A59-42F6-A023-0E0F36CA444F}"
EndProject
Project("{FAE04EC0-301F-11D3-BF4B-00C04F79EFBC}") = "SadikRestaurant.DataAccess", "SadikRestaurant.DataAccess\SadikRestaurant.DataAccess.csproj", "{3A39E667-9FCE-400E-86E7-C2C188811A53}"
EndProject
Project("{FAE04EC0-301F-11D3-BF4B-00C04F79EFBC}") = "SadikRestaurant.Business", "SadikRestaurant.Business\SadikRestaurant.Business.csproj", "{3F88D1D2-9B59-4180-8BCF-D9A2806B7F14}"
EndProject
Project("{FAE04EC0-301F-11D3-BF4B-00C04F79EFBC}") = "SadikRestaurant.Core", "SadikRestaurant.Core\SadikRestaurant.Core.csproj", "{8618FD7D-FD4D-438F-825D-94E573830C55}"
EndProject
Global
	GlobalSection(SolutionConfigurationPlatforms) = preSolution
		Debug|Any CPU = Debug|Any CPU
		Release|Any CPU = Release|Any CPU
	EndGlobalSection
	GlobalSection(ProjectConfigurationPlatforms) = postSolution
		{A6203E49-1A59-42F6-A023-0E0F36CA444F}.Debug|Any CPU.ActiveCfg = Debug|Any CPU
		{A6203E49-1A59-42F6-A023-0E0F36CA444F}.Debug|Any CPU.Build.0 = Debug|Any CPU
		{A6203E49-1A59-42F6-A023-0E0F36CA444F}.Release|Any CPU.ActiveCfg = Release|Any CPU
		{A6203E49-1A59-42F6-A023-0E0F36CA444F}.Release|Any CPU.Build.0 = Release|Any CPU
		{3A39E667-9FCE-400E-86E7-C2C188811A53}.Debug|Any CPU.ActiveCfg = Debug|Any CPU
		{3A39E667-9FCE-400E-86E7-C2C188811A53}.Debug|Any CPU.Build.0 = Debug|Any CPU
		{3A39E667-9FCE-400E-86E7-C2C188811A53}.Release|Any CPU.ActiveCfg = Release|Any CPU
		{3A39E667-9FCE-400E-86E7-C2C188811A53}.Release|Any CPU.Build.0 = Release|Any CPU
		{3F88D1D2-9B59-4180-8BCF-D9A2806B7F14}.Debug|Any CPU.ActiveCfg = Debug|Any CPU
		{3F88D1D2-9B59-4180-8BCF-D9A2806B7F14}.Debug|Any CPU.Build.0 = Debug|Any CPU
		{3F88D1D2-9B59-4180-8BCF-D9A2806B7F14}.Release|Any CPU.ActiveCfg = Release|Any CPU
		{3F88D1D2-9B59-4180-8BCF-D9A2806B7F14}.Release|Any CPU.Build.0 = Release|Any CPU
		{8618FD7D-FD4D-438F-825D-94E573830C55}.Debug|Any CPU.ActiveCfg = Debug|Any CPU
		{8618FD7D-FD4D-438F-825D-94E573830C55}.Debug|Any CPU.Build.0 = Debug|Any CPU
		{8618FD7D-FD4D-438F-825D-94E573830C55}.Release|Any CPU.ActiveCfg = Release|Any CPU
		{8618FD7D-FD4D-438F-825D-94E573830C55}.Release|Any CPU.Build.0 = Release|Any CPU
	EndGlobalSection
	GlobalSection(SolutionProperties) = preSolution
		HideSolutionNode = FALSE
	EndGlobalSection
	GlobalSection(NestedProjects) = preSolution
		{A6203E49-1A59-42F6-A023-0E0F36CA444F} = {5CABC2C5-D0F1-4CD8-87B0-FD3613286544}
		{3A39E667-9FCE-400E-86E7-C2C188811A53} = {5CABC2C5-D0F1-4CD8-87B0-FD3613286544}
		{3F88D1D2-9B59-4180-8BCF-D9A2806B7F14} = {5CABC2C5-D0F1-4CD8-87B0-FD3613286544}
		{8618FD7D-FD4D-438F-825D-94E573830C55} = {5CABC2C5-D0F1-4CD8-87B0-FD3613286544}
	EndGlobalSection
	GlobalSection(ExtensibilityGlobals) = postSolution
		SolutionGuid = {0413A1B8-C4BC-4EC5-8F06-56CE3417A707}
	EndGlobalSection
EndGlobal
